schema: '2.0'
stages:
  prepare_data:
    cmd: /usr/bin/python3 prepare.py
    deps:
    - path: data/raw
      md5: e4f616bf22b763b53f84492720fe04ca.dir
      size: 21201476
      nfiles: 2666
    - path: prepare.py
      md5: 0246553f04f0ff6cc997c9df3f8581ca
      size: 1286
    outs:
    - path: data/prepared/test.csv
      md5: e79818d6f3c716a343054d994e13f147
      size: 16
    - path: data/prepared/train.csv
      md5: 4302930eaa9065e6613e9944082d1faa
      size: 232715
  train_model:
    cmd: /usr/bin/python3 train.py
    deps:
    - path: data/prepared/train.csv
      md5: 4302930eaa9065e6613e9944082d1faa
      size: 232715
    - path: train.py
      md5: 59bdea04f2c8b527dc06e6b8d7f6a8c5
      size: 1495
    outs:
    - path: model/best_params.json
      md5: d4c66a6001817b65afa351314108559f
      size: 401
    - path: model/model.joblib
      md5: b6f1a308e382f5149a45da1f9ffea513
      size: 241148
