schema: '2.0'
stages:
  prepare_data:
    cmd: /usr/bin/python3 prepare.py
    deps:
    - path: data/raw/
      md5: cff42b1c636160ce4b748c790ca45b31.dir
      size: 23602045
      nfiles: 2967
    - path: prepare.py
      md5: 0246553f04f0ff6cc997c9df3f8581ca
      size: 1286
    outs:
    - path: data/prepared/test.csv
      md5: cc141a3c55fedbf6f6c6adfd266cd0fd
      size: 51708
    - path: data/prepared/train.csv
      md5: 4302930eaa9065e6613e9944082d1faa
      size: 232715
  train_model:
    cmd: /usr/bin/python3 train.py
    deps:
    - path: data/prepared/train.csv
      md5: 4302930eaa9065e6613e9944082d1faa
      size: 232715
    - path: train.py
      md5: ab2c9ca82e2aa474a8274cf25d1c3e88
      size: 1505
    outs:
    - path: model/best_params.json
      md5: 4f7421fa77d9b4016d7d7ad48363986f
      size: 398
    - path: model/model.joblib
      md5: d89beae8899bfa5f07ef7807b8e833e5
      size: 241148
  evaluate:
    cmd: /usr/bin/python3 evaluate.py
    deps:
    - path: evaluate.py
      md5: 53b50a89470a89a58e93d3955d604295
      size: 673
    - path: model/model.joblib
      md5: d89beae8899bfa5f07ef7807b8e833e5
      size: 241148
    outs:
    - path: metrics/accuracy.json
      md5: 28adc2d608e56dfc9d91dc76eebd8333
      size: 32
